
Microsoft Visual Studio Solution File, Format Version 12.00
# Visual Studio Version 16
VisualStudioVersion = 16.0.29209.62
MinimumVisualStudioVersion = 10.0.40219.1
Project("{9A19103F-16F7-4668-BE54-9A1E7A4F7556}") = "VolleMoehre.API", "VolleMoehre.API\VolleMoehre.API.csproj", "{A84C5661-EF73-4829-BB8E-A669EAE62137}"
EndProject
Project("{9A19103F-16F7-4668-BE54-9A1E7A4F7556}") = "VolleMoehre.Contracts", "VolleMoehre.Contracts\VolleMoehre.Contracts.csproj", "{196DEBD0-977C-427C-9170-A5C16960A41C}"
EndProject
Project("{9A19103F-16F7-4668-BE54-9A1E7A4F7556}") = "VolleMoehre.Adapter.LiteDB", "VolleMoehre.Adapter.LiteDB\VolleMoehre.Adapter.LiteDB.csproj", "{C5A63B87-8320-4A6A-B6D7-EDD6FB254422}"
EndProject
Project("{FAE04EC0-301F-11D3-BF4B-00C04F79EFBC}") = "VolleMoehre.Migration", "VolleMoehre.Migration\VolleMoehre.Migration.csproj", "{81E78F4B-1E1E-4EC6-AF1C-7B1566720414}"
EndProject
Project("{D954291E-2A0B-460D-934E-DC6B0785DB48}") = "VolleMoehre.App.Shared", "VolleMoehre.App\VolleMoehre.App.Shared\VolleMoehre.App.Shared.shproj", "{6279C845-92F8-4333-AB99-3D213163593C}"
EndProject
Project("{FAE04EC0-301F-11D3-BF4B-00C04F79EFBC}") = "VolleMoehre.App.Droid", "VolleMoehre.App\VolleMoehre.App.Droid\VolleMoehre.App.Droid.csproj", "{5421DDC4-47C1-49F4-A267-94A7C882D2E6}"
EndProject
Project("{FAE04EC0-301F-11D3-BF4B-00C04F79EFBC}") = "VolleMoehre.App.iOS", "VolleMoehre.App\VolleMoehre.App.iOS\VolleMoehre.App.iOS.csproj", "{C97E7494-5E8A-45E7-A05C-1EF4B0D5FEFE}"
EndProject
Project("{FAE04EC0-301F-11D3-BF4B-00C04F79EFBC}") = "VolleMoehre.App.UWP", "VolleMoehre.App\VolleMoehre.App.UWP\VolleMoehre.App.UWP.csproj", "{DFDB5079-DA00-4E33-8DF3-EE7269F374D6}"
EndProject
Project("{9A19103F-16F7-4668-BE54-9A1E7A4F7556}") = "VolleMoehre.App.Wasm", "VolleMoehre.App\VolleMoehre.App.Wasm\VolleMoehre.App.Wasm.csproj", "{38B5CA87-DDDF-4EE6-953C-FEC27E7B7036}"
EndProject
Project("{9A19103F-16F7-4668-BE54-9A1E7A4F7556}") = "VolleMoehre.Web", "VolleMoehre.Web\VolleMoehre.Web.csproj", "{B5C72537-0AD9-49ED-9342-7A711BD19607}"
EndProject
Project("{2150E333-8FDC-42A3-9474-1A3956D46DE8}") = "Management", "Management", "{E16A4E38-2592-4F4D-AA78-0DD1698A9ECD}"
	ProjectSection(SolutionItems) = preProject
		ToDo.txt = ToDo.txt
	EndProjectSection
EndProject
Global
	GlobalSection(SharedMSBuildProjectFiles) = preSolution
		VolleMoehre.App\VolleMoehre.App.Shared\VolleMoehre.App.Shared.projitems*{38b5ca87-dddf-4ee6-953c-fec27e7b7036}*SharedItemsImports = 5
		VolleMoehre.App\VolleMoehre.App.Shared\VolleMoehre.App.Shared.projitems*{5421ddc4-47c1-49f4-a267-94a7c882d2e6}*SharedItemsImports = 4
		VolleMoehre.App\VolleMoehre.App.Shared\VolleMoehre.App.Shared.projitems*{6279c845-92f8-4333-ab99-3d213163593c}*SharedItemsImports = 13
		VolleMoehre.App\VolleMoehre.App.Shared\VolleMoehre.App.Shared.projitems*{c97e7494-5e8a-45e7-a05c-1ef4b0d5fefe}*SharedItemsImports = 4
		VolleMoehre.App\VolleMoehre.App.Shared\VolleMoehre.App.Shared.projitems*{dfdb5079-da00-4e33-8df3-ee7269f374d6}*SharedItemsImports = 4
	EndGlobalSection
	GlobalSection(SolutionConfigurationPlatforms) = preSolution
		Ad-Hoc|Any CPU = Ad-Hoc|Any CPU
		Ad-Hoc|ARM = Ad-Hoc|ARM
		Ad-Hoc|ARM64 = Ad-Hoc|ARM64
		Ad-Hoc|iPhone = Ad-Hoc|iPhone
		Ad-Hoc|iPhoneSimulator = Ad-Hoc|iPhoneSimulator
		Ad-Hoc|x64 = Ad-Hoc|x64
		Ad-Hoc|x86 = Ad-Hoc|x86
		AppStore|Any CPU = AppStore|Any CPU
		AppStore|ARM = AppStore|ARM
		AppStore|ARM64 = AppStore|ARM64
		AppStore|iPhone = AppStore|iPhone
		AppStore|iPhoneSimulator = AppStore|iPhoneSimulator
		AppStore|x64 = AppStore|x64
		AppStore|x86 = AppStore|x86
		Debug|Any CPU = Debug|Any CPU
		Debug|ARM = Debug|ARM
		Debug|ARM64 = Debug|ARM64
		Debug|iPhone = Debug|iPhone
		Debug|iPhoneSimulator = Debug|iPhoneSimulator
		Debug|x64 = Debug|x64
		Debug|x86 = Debug|x86
		Release|Any CPU = Release|Any CPU
		Release|ARM = Release|ARM
		Release|ARM64 = Release|ARM64
		Release|iPhone = Release|iPhone
		Release|iPhoneSimulator = Release|iPhoneSimulator
		Release|x64 = Release|x64
		Release|x86 = Release|x86
	EndGlobalSection
	GlobalSection(ProjectConfigurationPlatforms) = postSolution
		{A84C5661-EF73-4829-BB8E-A669EAE62137}.Ad-Hoc|Any CPU.ActiveCfg = Release|Any CPU
		{A84C5661-EF73-4829-BB8E-A669EAE62137}.Ad-Hoc|Any CPU.Build.0 = Release|Any CPU
		{A84C5661-EF73-4829-BB8E-A669EAE62137}.Ad-Hoc|ARM.ActiveCfg = Release|Any CPU
		{A84C5661-EF73-4829-BB8E-A669EAE62137}.Ad-Hoc|ARM.Build.0 = Release|Any CPU
		{A84C5661-EF73-4829-BB8E-A669EAE62137}.Ad-Hoc|ARM64.ActiveCfg = Debug|Any CPU
		{A84C5661-EF73-4829-BB8E-A669EAE62137}.Ad-Hoc|ARM64.Build.0 = Debug|Any CPU
		{A84C5661-EF73-4829-BB8E-A669EAE62137}.Ad-Hoc|iPhone.ActiveCfg = Release|Any CPU
		{A84C5661-EF73-4829-BB8E-A669EAE62137}.Ad-Hoc|iPhone.Build.0 = Release|Any CPU
		{A84C5661-EF73-4829-BB8E-A669EAE62137}.Ad-Hoc|iPhoneSimulator.ActiveCfg = Release|Any CPU
		{A84C5661-EF73-4829-BB8E-A669EAE62137}.Ad-Hoc|iPhoneSimulator.Build.0 = Release|Any CPU
		{A84C5661-EF73-4829-BB8E-A669EAE62137}.Ad-Hoc|x64.ActiveCfg = Release|Any CPU
		{A84C5661-EF73-4829-BB8E-A669EAE62137}.Ad-Hoc|x64.Build.0 = Release|Any CPU
		{A84C5661-EF73-4829-BB8E-A669EAE62137}.Ad-Hoc|x86.ActiveCfg = Release|Any CPU
		{A84C5661-EF73-4829-BB8E-A669EAE62137}.Ad-Hoc|x86.Build.0 = Release|Any CPU
		{A84C5661-EF73-4829-BB8E-A669EAE62137}.AppStore|Any CPU.ActiveCfg = Release|Any CPU
		{A84C5661-EF73-4829-BB8E-A669EAE62137}.AppStore|Any CPU.Build.0 = Release|Any CPU
		{A84C5661-EF73-4829-BB8E-A669EAE62137}.AppStore|ARM.ActiveCfg = Release|Any CPU
		{A84C5661-EF73-4829-BB8E-A669EAE62137}.AppStore|ARM.Build.0 = Release|Any CPU
		{A84C5661-EF73-4829-BB8E-A669EAE62137}.AppStore|ARM64.ActiveCfg = Debug|Any CPU
		{A84C5661-EF73-4829-BB8E-A669EAE62137}.AppStore|ARM64.Build.0 = Debug|Any CPU
		{A84C5661-EF73-4829-BB8E-A669EAE62137}.AppStore|iPhone.ActiveCfg = Release|Any CPU
		{A84C5661-EF73-4829-BB8E-A669EAE62137}.AppStore|iPhone.Build.0 = Release|Any CPU
		{A84C5661-EF73-4829-BB8E-A669EAE62137}.AppStore|iPhoneSimulator.ActiveCfg = Release|Any CPU
		{A84C5661-EF73-4829-BB8E-A669EAE62137}.AppStore|iPhoneSimulator.Build.0 = Release|Any CPU
		{A84C5661-EF73-4829-BB8E-A669EAE62137}.AppStore|x64.ActiveCfg = Release|Any CPU
		{A84C5661-EF73-4829-BB8E-A669EAE62137}.AppStore|x64.Build.0 = Release|Any CPU
		{A84C5661-EF73-4829-BB8E-A669EAE62137}.AppStore|x86.ActiveCfg = Release|Any CPU
		{A84C5661-EF73-4829-BB8E-A669EAE62137}.AppStore|x86.Build.0 = Release|Any CPU
		{A84C5661-EF73-4829-BB8E-A669EAE62137}.Debug|Any CPU.ActiveCfg = Debug|Any CPU
		{A84C5661-EF73-4829-BB8E-A669EAE62137}.Debug|Any CPU.Build.0 = Debug|Any CPU
		{A84C5661-EF73-4829-BB8E-A669EAE62137}.Debug|ARM.ActiveCfg = Debug|Any CPU
		{A84C5661-EF73-4829-BB8E-A669EAE62137}.Debug|ARM.Build.0 = Debug|Any CPU
		{A84C5661-EF73-4829-BB8E-A669EAE62137}.Debug|ARM64.ActiveCfg = Debug|Any CPU
		{A84C5661-EF73-4829-BB8E-A669EAE62137}.Debug|ARM64.Build.0 = Debug|Any CPU
		{A84C5661-EF73-4829-BB8E-A669EAE62137}.Debug|iPhone.ActiveCfg = Debug|Any CPU
		{A84C5661-EF73-4829-BB8E-A669EAE62137}.Debug|iPhone.Build.0 = Debug|Any CPU
		{A84C5661-EF73-4829-BB8E-A669EAE62137}.Debug|iPhoneSimulator.ActiveCfg = Debug|Any CPU
		{A84C5661-EF73-4829-BB8E-A669EAE62137}.Debug|iPhoneSimulator.Build.0 = Debug|Any CPU
		{A84C5661-EF73-4829-BB8E-A669EAE62137}.Debug|x64.ActiveCfg = Debug|Any CPU
		{A84C5661-EF73-4829-BB8E-A669EAE62137}.Debug|x64.Build.0 = Debug|Any CPU
		{A84C5661-EF73-4829-BB8E-A669EAE62137}.Debug|x86.ActiveCfg = Debug|Any CPU
		{A84C5661-EF73-4829-BB8E-A669EAE62137}.Debug|x86.Build.0 = Debug|Any CPU
		{A84C5661-EF73-4829-BB8E-A669EAE62137}.Release|Any CPU.ActiveCfg = Release|Any CPU
		{A84C5661-EF73-4829-BB8E-A669EAE62137}.Release|Any CPU.Build.0 = Release|Any CPU
		{A84C5661-EF73-4829-BB8E-A669EAE62137}.Release|ARM.ActiveCfg = Release|Any CPU
		{A84C5661-EF73-4829-BB8E-A669EAE62137}.Release|ARM.Build.0 = Release|Any CPU
		{A84C5661-EF73-4829-BB8E-A669EAE62137}.Release|ARM64.ActiveCfg = Release|Any CPU
		{A84C5661-EF73-4829-BB8E-A669EAE62137}.Release|ARM64.Build.0 = Release|Any CPU
		{A84C5661-EF73-4829-BB8E-A669EAE62137}.Release|iPhone.ActiveCfg = Release|Any CPU
		{A84C5661-EF73-4829-BB8E-A669EAE62137}.Release|iPhone.Build.0 = Release|Any CPU
		{A84C5661-EF73-4829-BB8E-A669EAE62137}.Release|iPhoneSimulator.ActiveCfg = Release|Any CPU
		{A84C5661-EF73-4829-BB8E-A669EAE62137}.Release|iPhoneSimulator.Build.0 = Release|Any CPU
		{A84C5661-EF73-4829-BB8E-A669EAE62137}.Release|x64.ActiveCfg = Release|Any CPU
		{A84C5661-EF73-4829-BB8E-A669EAE62137}.Release|x64.Build.0 = Release|Any CPU
		{A84C5661-EF73-4829-BB8E-A669EAE62137}.Release|x86.ActiveCfg = Release|Any CPU
		{A84C5661-EF73-4829-BB8E-A669EAE62137}.Release|x86.Build.0 = Release|Any CPU
		{196DEBD0-977C-427C-9170-A5C16960A41C}.Ad-Hoc|Any CPU.ActiveCfg = Release|Any CPU
		{196DEBD0-977C-427C-9170-A5C16960A41C}.Ad-Hoc|Any CPU.Build.0 = Release|Any CPU
		{196DEBD0-977C-427C-9170-A5C16960A41C}.Ad-Hoc|ARM.ActiveCfg = Release|Any CPU
		{196DEBD0-977C-427C-9170-A5C16960A41C}.Ad-Hoc|ARM.Build.0 = Release|Any CPU
		{196DEBD0-977C-427C-9170-A5C16960A41C}.Ad-Hoc|ARM64.ActiveCfg = Debug|Any CPU
		{196DEBD0-977C-427C-9170-A5C16960A41C}.Ad-Hoc|ARM64.Build.0 = Debug|Any CPU
		{196DEBD0-977C-427C-9170-A5C16960A41C}.Ad-Hoc|iPhone.ActiveCfg = Release|Any CPU
		{196DEBD0-977C-427C-9170-A5C16960A41C}.Ad-Hoc|iPhone.Build.0 = Release|Any CPU
		{196DEBD0-977C-427C-9170-A5C16960A41C}.Ad-Hoc|iPhoneSimulator.ActiveCfg = Release|Any CPU
		{196DEBD0-977C-427C-9170-A5C16960A41C}.Ad-Hoc|iPhoneSimulator.Build.0 = Release|Any CPU
		{196DEBD0-977C-427C-9170-A5C16960A41C}.Ad-Hoc|x64.ActiveCfg = Release|Any CPU
		{196DEBD0-977C-427C-9170-A5C16960A41C}.Ad-Hoc|x64.Build.0 = Release|Any CPU
		{196DEBD0-977C-427C-9170-A5C16960A41C}.Ad-Hoc|x86.ActiveCfg = Release|Any CPU
		{196DEBD0-977C-427C-9170-A5C16960A41C}.Ad-Hoc|x86.Build.0 = Release|Any CPU
		{196DEBD0-977C-427C-9170-A5C16960A41C}.AppStore|Any CPU.ActiveCfg = Release|Any CPU
		{196DEBD0-977C-427C-9170-A5C16960A41C}.AppStore|Any CPU.Build.0 = Release|Any CPU
		{196DEBD0-977C-427C-9170-A5C16960A41C}.AppStore|ARM.ActiveCfg = Release|Any CPU
		{196DEBD0-977C-427C-9170-A5C16960A41C}.AppStore|ARM.Build.0 = Release|Any CPU
		{196DEBD0-977C-427C-9170-A5C16960A41C}.AppStore|ARM64.ActiveCfg = Debug|Any CPU
		{196DEBD0-977C-427C-9170-A5C16960A41C}.AppStore|ARM64.Build.0 = Debug|Any CPU
		{196DEBD0-977C-427C-9170-A5C16960A41C}.AppStore|iPhone.ActiveCfg = Release|Any CPU
		{196DEBD0-977C-427C-9170-A5C16960A41C}.AppStore|iPhone.Build.0 = Release|Any CPU
		{196DEBD0-977C-427C-9170-A5C16960A41C}.AppStore|iPhoneSimulator.ActiveCfg = Release|Any CPU
		{196DEBD0-977C-427C-9170-A5C16960A41C}.AppStore|iPhoneSimulator.Build.0 = Release|Any CPU
		{196DEBD0-977C-427C-9170-A5C16960A41C}.AppStore|x64.ActiveCfg = Release|Any CPU
		{196DEBD0-977C-427C-9170-A5C16960A41C}.AppStore|x64.Build.0 = Release|Any CPU
		{196DEBD0-977C-427C-9170-A5C16960A41C}.AppStore|x86.ActiveCfg = Release|Any CPU
		{196DEBD0-977C-427C-9170-A5C16960A41C}.AppStore|x86.Build.0 = Release|Any CPU
		{196DEBD0-977C-427C-9170-A5C16960A41C}.Debug|Any CPU.ActiveCfg = Debug|Any CPU
		{196DEBD0-977C-427C-9170-A5C16960A41C}.Debug|Any CPU.Build.0 = Debug|Any CPU
		{196DEBD0-977C-427C-9170-A5C16960A41C}.Debug|ARM.ActiveCfg = Debug|Any CPU
		{196DEBD0-977C-427C-9170-A5C16960A41C}.Debug|ARM.Build.0 = Debug|Any CPU
		{196DEBD0-977C-427C-9170-A5C16960A41C}.Debug|ARM64.ActiveCfg = Debug|Any CPU
		{196DEBD0-977C-427C-9170-A5C16960A41C}.Debug|ARM64.Build.0 = Debug|Any CPU
		{196DEBD0-977C-427C-9170-A5C16960A41C}.Debug|iPhone.ActiveCfg = Debug|Any CPU
		{196DEBD0-977C-427C-9170-A5C16960A41C}.Debug|iPhone.Build.0 = Debug|Any CPU
		{196DEBD0-977C-427C-9170-A5C16960A41C}.Debug|iPhoneSimulator.ActiveCfg = Debug|Any CPU
		{196DEBD0-977C-427C-9170-A5C16960A41C}.Debug|iPhoneSimulator.Build.0 = Debug|Any CPU
		{196DEBD0-977C-427C-9170-A5C16960A41C}.Debug|x64.ActiveCfg = Debug|Any CPU
		{196DEBD0-977C-427C-9170-A5C16960A41C}.Debug|x64.Build.0 = Debug|Any CPU
		{196DEBD0-977C-427C-9170-A5C16960A41C}.Debug|x86.ActiveCfg = Debug|Any CPU
		{196DEBD0-977C-427C-9170-A5C16960A41C}.Debug|x86.Build.0 = Debug|Any CPU
		{196DEBD0-977C-427C-9170-A5C16960A41C}.Release|Any CPU.ActiveCfg = Release|Any CPU
		{196DEBD0-977C-427C-9170-A5C16960A41C}.Release|Any CPU.Build.0 = Release|Any CPU
		{196DEBD0-977C-427C-9170-A5C16960A41C}.Release|ARM.ActiveCfg = Release|Any CPU
		{196DEBD0-977C-427C-9170-A5C16960A41C}.Release|ARM.Build.0 = Release|Any CPU
		{196DEBD0-977C-427C-9170-A5C16960A41C}.Release|ARM64.ActiveCfg = Release|Any CPU
		{196DEBD0-977C-427C-9170-A5C16960A41C}.Release|ARM64.Build.0 = Release|Any CPU
		{196DEBD0-977C-427C-9170-A5C16960A41C}.Release|iPhone.ActiveCfg = Release|Any CPU
		{196DEBD0-977C-427C-9170-A5C16960A41C}.Release|iPhone.Build.0 = Release|Any CPU
		{196DEBD0-977C-427C-9170-A5C16960A41C}.Release|iPhoneSimulator.ActiveCfg = Release|Any CPU
		{196DEBD0-977C-427C-9170-A5C16960A41C}.Release|iPhoneSimulator.Build.0 = Release|Any CPU
		{196DEBD0-977C-427C-9170-A5C16960A41C}.Release|x64.ActiveCfg = Release|Any CPU
		{196DEBD0-977C-427C-9170-A5C16960A41C}.Release|x64.Build.0 = Release|Any CPU
		{196DEBD0-977C-427C-9170-A5C16960A41C}.Release|x86.ActiveCfg = Release|Any CPU
		{196DEBD0-977C-427C-9170-A5C16960A41C}.Release|x86.Build.0 = Release|Any CPU
		{C5A63B87-8320-4A6A-B6D7-EDD6FB254422}.Ad-Hoc|Any CPU.ActiveCfg = Release|Any CPU
		{C5A63B87-8320-4A6A-B6D7-EDD6FB254422}.Ad-Hoc|Any CPU.Build.0 = Release|Any CPU
		{C5A63B87-8320-4A6A-B6D7-EDD6FB254422}.Ad-Hoc|ARM.ActiveCfg = Release|Any CPU
		{C5A63B87-8320-4A6A-B6D7-EDD6FB254422}.Ad-Hoc|ARM.Build.0 = Release|Any CPU
		{C5A63B87-8320-4A6A-B6D7-EDD6FB254422}.Ad-Hoc|ARM64.ActiveCfg = Debug|Any CPU
		{C5A63B87-8320-4A6A-B6D7-EDD6FB254422}.Ad-Hoc|ARM64.Build.0 = Debug|Any CPU
		{C5A63B87-8320-4A6A-B6D7-EDD6FB254422}.Ad-Hoc|iPhone.ActiveCfg = Release|Any CPU
		{C5A63B87-8320-4A6A-B6D7-EDD6FB254422}.Ad-Hoc|iPhone.Build.0 = Release|Any CPU
		{C5A63B87-8320-4A6A-B6D7-EDD6FB254422}.Ad-Hoc|iPhoneSimulator.ActiveCfg = Release|Any CPU
		{C5A63B87-8320-4A6A-B6D7-EDD6FB254422}.Ad-Hoc|iPhoneSimulator.Build.0 = Release|Any CPU
		{C5A63B87-8320-4A6A-B6D7-EDD6FB254422}.Ad-Hoc|x64.ActiveCfg = Release|Any CPU
		{C5A63B87-8320-4A6A-B6D7-EDD6FB254422}.Ad-Hoc|x64.Build.0 = Release|Any CPU
		{C5A63B87-8320-4A6A-B6D7-EDD6FB254422}.Ad-Hoc|x86.ActiveCfg = Release|Any CPU
		{C5A63B87-8320-4A6A-B6D7-EDD6FB254422}.Ad-Hoc|x86.Build.0 = Release|Any CPU
		{C5A63B87-8320-4A6A-B6D7-EDD6FB254422}.AppStore|Any CPU.ActiveCfg = Release|Any CPU
		{C5A63B87-8320-4A6A-B6D7-EDD6FB254422}.AppStore|Any CPU.Build.0 = Release|Any CPU
		{C5A63B87-8320-4A6A-B6D7-EDD6FB254422}.AppStore|ARM.ActiveCfg = Release|Any CPU
		{C5A63B87-8320-4A6A-B6D7-EDD6FB254422}.AppStore|ARM.Build.0 = Release|Any CPU
		{C5A63B87-8320-4A6A-B6D7-EDD6FB254422}.AppStore|ARM64.ActiveCfg = Debug|Any CPU
		{C5A63B87-8320-4A6A-B6D7-EDD6FB254422}.AppStore|ARM64.Build.0 = Debug|Any CPU
		{C5A63B87-8320-4A6A-B6D7-EDD6FB254422}.AppStore|iPhone.ActiveCfg = Release|Any CPU
		{C5A63B87-8320-4A6A-B6D7-EDD6FB254422}.AppStore|iPhone.Build.0 = Release|Any CPU
		{C5A63B87-8320-4A6A-B6D7-EDD6FB254422}.AppStore|iPhoneSimulator.ActiveCfg = Release|Any CPU
		{C5A63B87-8320-4A6A-B6D7-EDD6FB254422}.AppStore|iPhoneSimulator.Build.0 = Release|Any CPU
		{C5A63B87-8320-4A6A-B6D7-EDD6FB254422}.AppStore|x64.ActiveCfg = Release|Any CPU
		{C5A63B87-8320-4A6A-B6D7-EDD6FB254422}.AppStore|x64.Build.0 = Release|Any CPU
		{C5A63B87-8320-4A6A-B6D7-EDD6FB254422}.AppStore|x86.ActiveCfg = Release|Any CPU
		{C5A63B87-8320-4A6A-B6D7-EDD6FB254422}.AppStore|x86.Build.0 = Release|Any CPU
		{C5A63B87-8320-4A6A-B6D7-EDD6FB254422}.Debug|Any CPU.ActiveCfg = Debug|Any CPU
		{C5A63B87-8320-4A6A-B6D7-EDD6FB254422}.Debug|Any CPU.Build.0 = Debug|Any CPU
		{C5A63B87-8320-4A6A-B6D7-EDD6FB254422}.Debug|ARM.ActiveCfg = Debug|Any CPU
		{C5A63B87-8320-4A6A-B6D7-EDD6FB254422}.Debug|ARM.Build.0 = Debug|Any CPU
		{C5A63B87-8320-4A6A-B6D7-EDD6FB254422}.Debug|ARM64.ActiveCfg = Debug|Any CPU
		{C5A63B87-8320-4A6A-B6D7-EDD6FB254422}.Debug|ARM64.Build.0 = Debug|Any CPU
		{C5A63B87-8320-4A6A-B6D7-EDD6FB254422}.Debug|iPhone.ActiveCfg = Debug|Any CPU
		{C5A63B87-8320-4A6A-B6D7-EDD6FB254422}.Debug|iPhone.Build.0 = Debug|Any CPU
		{C5A63B87-8320-4A6A-B6D7-EDD6FB254422}.Debug|iPhoneSimulator.ActiveCfg = Debug|Any CPU
		{C5A63B87-8320-4A6A-B6D7-EDD6FB254422}.Debug|iPhoneSimulator.Build.0 = Debug|Any CPU
		{C5A63B87-8320-4A6A-B6D7-EDD6FB254422}.Debug|x64.ActiveCfg = Debug|Any CPU
		{C5A63B87-8320-4A6A-B6D7-EDD6FB254422}.Debug|x64.Build.0 = Debug|Any CPU
		{C5A63B87-8320-4A6A-B6D7-EDD6FB254422}.Debug|x86.ActiveCfg = Debug|Any CPU
		{C5A63B87-8320-4A6A-B6D7-EDD6FB254422}.Debug|x86.Build.0 = Debug|Any CPU
		{C5A63B87-8320-4A6A-B6D7-EDD6FB254422}.Release|Any CPU.ActiveCfg = Release|Any CPU
		{C5A63B87-8320-4A6A-B6D7-EDD6FB254422}.Release|Any CPU.Build.0 = Release|Any CPU
		{C5A63B87-8320-4A6A-B6D7-EDD6FB254422}.Release|ARM.ActiveCfg = Release|Any CPU
		{C5A63B87-8320-4A6A-B6D7-EDD6FB254422}.Release|ARM.Build.0 = Release|Any CPU
		{C5A63B87-8320-4A6A-B6D7-EDD6FB254422}.Release|ARM64.ActiveCfg = Release|Any CPU
		{C5A63B87-8320-4A6A-B6D7-EDD6FB254422}.Release|ARM64.Build.0 = Release|Any CPU
		{C5A63B87-8320-4A6A-B6D7-EDD6FB254422}.Release|iPhone.ActiveCfg = Release|Any CPU
		{C5A63B87-8320-4A6A-B6D7-EDD6FB254422}.Release|iPhone.Build.0 = Release|Any CPU
		{C5A63B87-8320-4A6A-B6D7-EDD6FB254422}.Release|iPhoneSimulator.ActiveCfg = Release|Any CPU
		{C5A63B87-8320-4A6A-B6D7-EDD6FB254422}.Release|iPhoneSimulator.Build.0 = Release|Any CPU
		{C5A63B87-8320-4A6A-B6D7-EDD6FB254422}.Release|x64.ActiveCfg = Release|Any CPU
		{C5A63B87-8320-4A6A-B6D7-EDD6FB254422}.Release|x64.Build.0 = Release|Any CPU
		{C5A63B87-8320-4A6A-B6D7-EDD6FB254422}.Release|x86.ActiveCfg = Release|Any CPU
		{C5A63B87-8320-4A6A-B6D7-EDD6FB254422}.Release|x86.Build.0 = Release|Any CPU
		{81E78F4B-1E1E-4EC6-AF1C-7B1566720414}.Ad-Hoc|Any CPU.ActiveCfg = Release|Any CPU
		{81E78F4B-1E1E-4EC6-AF1C-7B1566720414}.Ad-Hoc|Any CPU.Build.0 = Release|Any CPU
		{81E78F4B-1E1E-4EC6-AF1C-7B1566720414}.Ad-Hoc|ARM.ActiveCfg = Release|Any CPU
		{81E78F4B-1E1E-4EC6-AF1C-7B1566720414}.Ad-Hoc|ARM.Build.0 = Release|Any CPU
		{81E78F4B-1E1E-4EC6-AF1C-7B1566720414}.Ad-Hoc|ARM64.ActiveCfg = Debug|Any CPU
		{81E78F4B-1E1E-4EC6-AF1C-7B1566720414}.Ad-Hoc|ARM64.Build.0 = Debug|Any CPU
		{81E78F4B-1E1E-4EC6-AF1C-7B1566720414}.Ad-Hoc|iPhone.ActiveCfg = Release|Any CPU
		{81E78F4B-1E1E-4EC6-AF1C-7B1566720414}.Ad-Hoc|iPhone.Build.0 = Release|Any CPU
		{81E78F4B-1E1E-4EC6-AF1C-7B1566720414}.Ad-Hoc|iPhoneSimulator.ActiveCfg = Release|Any CPU
		{81E78F4B-1E1E-4EC6-AF1C-7B1566720414}.Ad-Hoc|iPhoneSimulator.Build.0 = Release|Any CPU
		{81E78F4B-1E1E-4EC6-AF1C-7B1566720414}.Ad-Hoc|x64.ActiveCfg = Release|Any CPU
		{81E78F4B-1E1E-4EC6-AF1C-7B1566720414}.Ad-Hoc|x64.Build.0 = Release|Any CPU
		{81E78F4B-1E1E-4EC6-AF1C-7B1566720414}.Ad-Hoc|x86.ActiveCfg = Release|Any CPU
		{81E78F4B-1E1E-4EC6-AF1C-7B1566720414}.Ad-Hoc|x86.Build.0 = Release|Any CPU
		{81E78F4B-1E1E-4EC6-AF1C-7B1566720414}.AppStore|Any CPU.ActiveCfg = Release|Any CPU
		{81E78F4B-1E1E-4EC6-AF1C-7B1566720414}.AppStore|Any CPU.Build.0 = Release|Any CPU
		{81E78F4B-1E1E-4EC6-AF1C-7B1566720414}.AppStore|ARM.ActiveCfg = Release|Any CPU
		{81E78F4B-1E1E-4EC6-AF1C-7B1566720414}.AppStore|ARM.Build.0 = Release|Any CPU
		{81E78F4B-1E1E-4EC6-AF1C-7B1566720414}.AppStore|ARM64.ActiveCfg = Debug|Any CPU
		{81E78F4B-1E1E-4EC6-AF1C-7B1566720414}.AppStore|ARM64.Build.0 = Debug|Any CPU
		{81E78F4B-1E1E-4EC6-AF1C-7B1566720414}.AppStore|iPhone.ActiveCfg = Release|Any CPU
		{81E78F4B-1E1E-4EC6-AF1C-7B1566720414}.AppStore|iPhone.Build.0 = Release|Any CPU
		{81E78F4B-1E1E-4EC6-AF1C-7B1566720414}.AppStore|iPhoneSimulator.ActiveCfg = Release|Any CPU
		{81E78F4B-1E1E-4EC6-AF1C-7B1566720414}.AppStore|iPhoneSimulator.Build.0 = Release|Any CPU
		{81E78F4B-1E1E-4EC6-AF1C-7B1566720414}.AppStore|x64.ActiveCfg = Release|Any CPU
		{81E78F4B-1E1E-4EC6-AF1C-7B1566720414}.AppStore|x64.Build.0 = Release|Any CPU
		{81E78F4B-1E1E-4EC6-AF1C-7B1566720414}.AppStore|x86.ActiveCfg = Release|Any CPU
		{81E78F4B-1E1E-4EC6-AF1C-7B1566720414}.AppStore|x86.Build.0 = Release|Any CPU
		{81E78F4B-1E1E-4EC6-AF1C-7B1566720414}.Debug|Any CPU.ActiveCfg = Debug|Any CPU
		{81E78F4B-1E1E-4EC6-AF1C-7B1566720414}.Debug|Any CPU.Build.0 = Debug|Any CPU
		{81E78F4B-1E1E-4EC6-AF1C-7B1566720414}.Debug|ARM.ActiveCfg = Debug|Any CPU
		{81E78F4B-1E1E-4EC6-AF1C-7B1566720414}.Debug|ARM.Build.0 = Debug|Any CPU
		{81E78F4B-1E1E-4EC6-AF1C-7B1566720414}.Debug|ARM64.ActiveCfg = Debug|Any CPU
		{81E78F4B-1E1E-4EC6-AF1C-7B1566720414}.Debug|ARM64.Build.0 = Debug|Any CPU
		{81E78F4B-1E1E-4EC6-AF1C-7B1566720414}.Debug|iPhone.ActiveCfg = Debug|Any CPU
		{81E78F4B-1E1E-4EC6-AF1C-7B1566720414}.Debug|iPhone.Build.0 = Debug|Any CPU
		{81E78F4B-1E1E-4EC6-AF1C-7B1566720414}.Debug|iPhoneSimulator.ActiveCfg = Debug|Any CPU
		{81E78F4B-1E1E-4EC6-AF1C-7B1566720414}.Debug|iPhoneSimulator.Build.0 = Debug|Any CPU
		{81E78F4B-1E1E-4EC6-AF1C-7B1566720414}.Debug|x64.ActiveCfg = Debug|Any CPU
		{81E78F4B-1E1E-4EC6-AF1C-7B1566720414}.Debug|x64.Build.0 = Debug|Any CPU
		{81E78F4B-1E1E-4EC6-AF1C-7B1566720414}.Debug|x86.ActiveCfg = Debug|Any CPU
		{81E78F4B-1E1E-4EC6-AF1C-7B1566720414}.Debug|x86.Build.0 = Debug|Any CPU
		{81E78F4B-1E1E-4EC6-AF1C-7B1566720414}.Release|Any CPU.ActiveCfg = Release|Any CPU
		{81E78F4B-1E1E-4EC6-AF1C-7B1566720414}.Release|Any CPU.Build.0 = Release|Any CPU
		{81E78F4B-1E1E-4EC6-AF1C-7B1566720414}.Release|ARM.ActiveCfg = Release|Any CPU
		{81E78F4B-1E1E-4EC6-AF1C-7B1566720414}.Release|ARM.Build.0 = Release|Any CPU
		{81E78F4B-1E1E-4EC6-AF1C-7B1566720414}.Release|ARM64.ActiveCfg = Release|Any CPU
		{81E78F4B-1E1E-4EC6-AF1C-7B1566720414}.Release|ARM64.Build.0 = Release|Any CPU
		{81E78F4B-1E1E-4EC6-AF1C-7B1566720414}.Release|iPhone.ActiveCfg = Release|Any CPU
		{81E78F4B-1E1E-4EC6-AF1C-7B1566720414}.Release|iPhone.Build.0 = Release|Any CPU
		{81E78F4B-1E1E-4EC6-AF1C-7B1566720414}.Release|iPhoneSimulator.ActiveCfg = Release|Any CPU
		{81E78F4B-1E1E-4EC6-AF1C-7B1566720414}.Release|iPhoneSimulator.Build.0 = Release|Any CPU
		{81E78F4B-1E1E-4EC6-AF1C-7B1566720414}.Release|x64.ActiveCfg = Release|Any CPU
		{81E78F4B-1E1E-4EC6-AF1C-7B1566720414}.Release|x64.Build.0 = Release|Any CPU
		{81E78F4B-1E1E-4EC6-AF1C-7B1566720414}.Release|x86.ActiveCfg = Release|Any CPU
		{81E78F4B-1E1E-4EC6-AF1C-7B1566720414}.Release|x86.Build.0 = Release|Any CPU
		{5421DDC4-47C1-49F4-A267-94A7C882D2E6}.Ad-Hoc|Any CPU.ActiveCfg = Release|Any CPU
		{5421DDC4-47C1-49F4-A267-94A7C882D2E6}.Ad-Hoc|Any CPU.Build.0 = Release|Any CPU
		{5421DDC4-47C1-49F4-A267-94A7C882D2E6}.Ad-Hoc|Any CPU.Deploy.0 = Release|Any CPU
		{5421DDC4-47C1-49F4-A267-94A7C882D2E6}.Ad-Hoc|ARM.ActiveCfg = Release|Any CPU
		{5421DDC4-47C1-49F4-A267-94A7C882D2E6}.Ad-Hoc|ARM.Build.0 = Release|Any CPU
		{5421DDC4-47C1-49F4-A267-94A7C882D2E6}.Ad-Hoc|ARM.Deploy.0 = Release|Any CPU
		{5421DDC4-47C1-49F4-A267-94A7C882D2E6}.Ad-Hoc|ARM64.ActiveCfg = Debug|Any CPU
		{5421DDC4-47C1-49F4-A267-94A7C882D2E6}.Ad-Hoc|ARM64.Build.0 = Debug|Any CPU
		{5421DDC4-47C1-49F4-A267-94A7C882D2E6}.Ad-Hoc|ARM64.Deploy.0 = Debug|Any CPU
		{5421DDC4-47C1-49F4-A267-94A7C882D2E6}.Ad-Hoc|iPhone.ActiveCfg = Release|Any CPU
		{5421DDC4-47C1-49F4-A267-94A7C882D2E6}.Ad-Hoc|iPhone.Build.0 = Release|Any CPU
		{5421DDC4-47C1-49F4-A267-94A7C882D2E6}.Ad-Hoc|iPhone.Deploy.0 = Release|Any CPU
		{5421DDC4-47C1-49F4-A267-94A7C882D2E6}.Ad-Hoc|iPhoneSimulator.ActiveCfg = Release|Any CPU
		{5421DDC4-47C1-49F4-A267-94A7C882D2E6}.Ad-Hoc|iPhoneSimulator.Build.0 = Release|Any CPU
		{5421DDC4-47C1-49F4-A267-94A7C882D2E6}.Ad-Hoc|iPhoneSimulator.Deploy.0 = Release|Any CPU
		{5421DDC4-47C1-49F4-A267-94A7C882D2E6}.Ad-Hoc|x64.ActiveCfg = Release|Any CPU
		{5421DDC4-47C1-49F4-A267-94A7C882D2E6}.Ad-Hoc|x64.Build.0 = Release|Any CPU
		{5421DDC4-47C1-49F4-A267-94A7C882D2E6}.Ad-Hoc|x64.Deploy.0 = Release|Any CPU
		{5421DDC4-47C1-49F4-A267-94A7C882D2E6}.Ad-Hoc|x86.ActiveCfg = Release|Any CPU
		{5421DDC4-47C1-49F4-A267-94A7C882D2E6}.Ad-Hoc|x86.Build.0 = Release|Any CPU
		{5421DDC4-47C1-49F4-A267-94A7C882D2E6}.Ad-Hoc|x86.Deploy.0 = Release|Any CPU
		{5421DDC4-47C1-49F4-A267-94A7C882D2E6}.AppStore|Any CPU.ActiveCfg = Release|Any CPU
		{5421DDC4-47C1-49F4-A267-94A7C882D2E6}.AppStore|Any CPU.Build.0 = Release|Any CPU
		{5421DDC4-47C1-49F4-A267-94A7C882D2E6}.AppStore|Any CPU.Deploy.0 = Release|Any CPU
		{5421DDC4-47C1-49F4-A267-94A7C882D2E6}.AppStore|ARM.ActiveCfg = Release|Any CPU
		{5421DDC4-47C1-49F4-A267-94A7C882D2E6}.AppStore|ARM.Build.0 = Release|Any CPU
		{5421DDC4-47C1-49F4-A267-94A7C882D2E6}.AppStore|ARM.Deploy.0 = Release|Any CPU
		{5421DDC4-47C1-49F4-A267-94A7C882D2E6}.AppStore|ARM64.ActiveCfg = Debug|Any CPU
		{5421DDC4-47C1-49F4-A267-94A7C882D2E6}.AppStore|ARM64.Build.0 = Debug|Any CPU
		{5421DDC4-47C1-49F4-A267-94A7C882D2E6}.AppStore|ARM64.Deploy.0 = Debug|Any CPU
		{5421DDC4-47C1-49F4-A267-94A7C882D2E6}.AppStore|iPhone.ActiveCfg = Release|Any CPU
		{5421DDC4-47C1-49F4-A267-94A7C882D2E6}.AppStore|iPhone.Build.0 = Release|Any CPU
		{5421DDC4-47C1-49F4-A267-94A7C882D2E6}.AppStore|iPhone.Deploy.0 = Release|Any CPU
		{5421DDC4-47C1-49F4-A267-94A7C882D2E6}.AppStore|iPhoneSimulator.ActiveCfg = Release|Any CPU
		{5421DDC4-47C1-49F4-A267-94A7C882D2E6}.AppStore|iPhoneSimulator.Build.0 = Release|Any CPU
		{5421DDC4-47C1-49F4-A267-94A7C882D2E6}.AppStore|iPhoneSimulator.Deploy.0 = Release|Any CPU
		{5421DDC4-47C1-49F4-A267-94A7C882D2E6}.AppStore|x64.ActiveCfg = Release|Any CPU
		{5421DDC4-47C1-49F4-A267-94A7C882D2E6}.AppStore|x64.Build.0 = Release|Any CPU
		{5421DDC4-47C1-49F4-A267-94A7C882D2E6}.AppStore|x64.Deploy.0 = Release|Any CPU
		{5421DDC4-47C1-49F4-A267-94A7C882D2E6}.AppStore|x86.ActiveCfg = Release|Any CPU
		{5421DDC4-47C1-49F4-A267-94A7C882D2E6}.AppStore|x86.Build.0 = Release|Any CPU
		{5421DDC4-47C1-49F4-A267-94A7C882D2E6}.AppStore|x86.Deploy.0 = Release|Any CPU
		{5421DDC4-47C1-49F4-A267-94A7C882D2E6}.Debug|Any CPU.ActiveCfg = Debug|Any CPU
		{5421DDC4-47C1-49F4-A267-94A7C882D2E6}.Debug|Any CPU.Build.0 = Debug|Any CPU
		{5421DDC4-47C1-49F4-A267-94A7C882D2E6}.Debug|Any CPU.Deploy.0 = Debug|Any CPU
		{5421DDC4-47C1-49F4-A267-94A7C882D2E6}.Debug|ARM.ActiveCfg = Debug|Any CPU
		{5421DDC4-47C1-49F4-A267-94A7C882D2E6}.Debug|ARM.Build.0 = Debug|Any CPU
		{5421DDC4-47C1-49F4-A267-94A7C882D2E6}.Debug|ARM.Deploy.0 = Debug|Any CPU
		{5421DDC4-47C1-49F4-A267-94A7C882D2E6}.Debug|ARM64.ActiveCfg = Debug|Any CPU
		{5421DDC4-47C1-49F4-A267-94A7C882D2E6}.Debug|ARM64.Build.0 = Debug|Any CPU
		{5421DDC4-47C1-49F4-A267-94A7C882D2E6}.Debug|ARM64.Deploy.0 = Debug|Any CPU
		{5421DDC4-47C1-49F4-A267-94A7C882D2E6}.Debug|iPhone.ActiveCfg = Debug|Any CPU
		{5421DDC4-47C1-49F4-A267-94A7C882D2E6}.Debug|iPhone.Build.0 = Debug|Any CPU
		{5421DDC4-47C1-49F4-A267-94A7C882D2E6}.Debug|iPhone.Deploy.0 = Debug|Any CPU
		{5421DDC4-47C1-49F4-A267-94A7C882D2E6}.Debug|iPhoneSimulator.ActiveCfg = Debug|Any CPU
		{5421DDC4-47C1-49F4-A267-94A7C882D2E6}.Debug|iPhoneSimulator.Build.0 = Debug|Any CPU
		{5421DDC4-47C1-49F4-A267-94A7C882D2E6}.Debug|iPhoneSimulator.Deploy.0 = Debug|Any CPU
		{5421DDC4-47C1-49F4-A267-94A7C882D2E6}.Debug|x64.ActiveCfg = Debug|Any CPU
		{5421DDC4-47C1-49F4-A267-94A7C882D2E6}.Debug|x64.Build.0 = Debug|Any CPU
		{5421DDC4-47C1-49F4-A267-94A7C882D2E6}.Debug|x64.Deploy.0 = Debug|Any CPU
		{5421DDC4-47C1-49F4-A267-94A7C882D2E6}.Debug|x86.ActiveCfg = Debug|Any CPU
		{5421DDC4-47C1-49F4-A267-94A7C882D2E6}.Debug|x86.Build.0 = Debug|Any CPU
		{5421DDC4-47C1-49F4-A267-94A7C882D2E6}.Debug|x86.Deploy.0 = Debug|Any CPU
		{5421DDC4-47C1-49F4-A267-94A7C882D2E6}.Release|Any CPU.ActiveCfg = Release|Any CPU
		{5421DDC4-47C1-49F4-A267-94A7C882D2E6}.Release|Any CPU.Build.0 = Release|Any CPU
		{5421DDC4-47C1-49F4-A267-94A7C882D2E6}.Release|Any CPU.Deploy.0 = Release|Any CPU
		{5421DDC4-47C1-49F4-A267-94A7C882D2E6}.Release|ARM.ActiveCfg = Release|Any CPU
		{5421DDC4-47C1-49F4-A267-94A7C882D2E6}.Release|ARM.Build.0 = Release|Any CPU
		{5421DDC4-47C1-49F4-A267-94A7C882D2E6}.Release|ARM.Deploy.0 = Release|Any CPU
		{5421DDC4-47C1-49F4-A267-94A7C882D2E6}.Release|ARM64.ActiveCfg = Release|Any CPU
		{5421DDC4-47C1-49F4-A267-94A7C882D2E6}.Release|ARM64.Build.0 = Release|Any CPU
		{5421DDC4-47C1-49F4-A267-94A7C882D2E6}.Release|ARM64.Deploy.0 = Release|Any CPU
		{5421DDC4-47C1-49F4-A267-94A7C882D2E6}.Release|iPhone.ActiveCfg = Release|Any CPU
		{5421DDC4-47C1-49F4-A267-94A7C882D2E6}.Release|iPhone.Build.0 = Release|Any CPU
		{5421DDC4-47C1-49F4-A267-94A7C882D2E6}.Release|iPhone.Deploy.0 = Release|Any CPU
		{5421DDC4-47C1-49F4-A267-94A7C882D2E6}.Release|iPhoneSimulator.ActiveCfg = Release|Any CPU
		{5421DDC4-47C1-49F4-A267-94A7C882D2E6}.Release|iPhoneSimulator.Build.0 = Release|Any CPU
		{5421DDC4-47C1-49F4-A267-94A7C882D2E6}.Release|iPhoneSimulator.Deploy.0 = Release|Any CPU
		{5421DDC4-47C1-49F4-A267-94A7C882D2E6}.Release|x64.ActiveCfg = Release|Any CPU
		{5421DDC4-47C1-49F4-A267-94A7C882D2E6}.Release|x64.Build.0 = Release|Any CPU
		{5421DDC4-47C1-49F4-A267-94A7C882D2E6}.Release|x64.Deploy.0 = Release|Any CPU
		{5421DDC4-47C1-49F4-A267-94A7C882D2E6}.Release|x86.ActiveCfg = Release|Any CPU
		{5421DDC4-47C1-49F4-A267-94A7C882D2E6}.Release|x86.Build.0 = Release|Any CPU
		{5421DDC4-47C1-49F4-A267-94A7C882D2E6}.Release|x86.Deploy.0 = Release|Any CPU
		{C97E7494-5E8A-45E7-A05C-1EF4B0D5FEFE}.Ad-Hoc|Any CPU.ActiveCfg = Ad-Hoc|iPhone
		{C97E7494-5E8A-45E7-A05C-1EF4B0D5FEFE}.Ad-Hoc|ARM.ActiveCfg = Ad-Hoc|iPhone
		{C97E7494-5E8A-45E7-A05C-1EF4B0D5FEFE}.Ad-Hoc|ARM64.ActiveCfg = Ad-Hoc|iPhoneSimulator
		{C97E7494-5E8A-45E7-A05C-1EF4B0D5FEFE}.Ad-Hoc|iPhone.ActiveCfg = Ad-Hoc|iPhone
		{C97E7494-5E8A-45E7-A05C-1EF4B0D5FEFE}.Ad-Hoc|iPhone.Build.0 = Ad-Hoc|iPhone
		{C97E7494-5E8A-45E7-A05C-1EF4B0D5FEFE}.Ad-Hoc|iPhoneSimulator.ActiveCfg = Ad-Hoc|iPhoneSimulator
		{C97E7494-5E8A-45E7-A05C-1EF4B0D5FEFE}.Ad-Hoc|iPhoneSimulator.Build.0 = Ad-Hoc|iPhoneSimulator
		{C97E7494-5E8A-45E7-A05C-1EF4B0D5FEFE}.Ad-Hoc|x64.ActiveCfg = Ad-Hoc|iPhone
		{C97E7494-5E8A-45E7-A05C-1EF4B0D5FEFE}.Ad-Hoc|x86.ActiveCfg = Ad-Hoc|iPhone
		{C97E7494-5E8A-45E7-A05C-1EF4B0D5FEFE}.AppStore|Any CPU.ActiveCfg = AppStore|iPhone
		{C97E7494-5E8A-45E7-A05C-1EF4B0D5FEFE}.AppStore|ARM.ActiveCfg = AppStore|iPhone
		{C97E7494-5E8A-45E7-A05C-1EF4B0D5FEFE}.AppStore|ARM64.ActiveCfg = AppStore|iPhoneSimulator
		{C97E7494-5E8A-45E7-A05C-1EF4B0D5FEFE}.AppStore|iPhone.ActiveCfg = AppStore|iPhone
		{C97E7494-5E8A-45E7-A05C-1EF4B0D5FEFE}.AppStore|iPhone.Build.0 = AppStore|iPhone
		{C97E7494-5E8A-45E7-A05C-1EF4B0D5FEFE}.AppStore|iPhoneSimulator.ActiveCfg = AppStore|iPhoneSimulator
		{C97E7494-5E8A-45E7-A05C-1EF4B0D5FEFE}.AppStore|iPhoneSimulator.Build.0 = AppStore|iPhoneSimulator
		{C97E7494-5E8A-45E7-A05C-1EF4B0D5FEFE}.AppStore|x64.ActiveCfg = AppStore|iPhone
		{C97E7494-5E8A-45E7-A05C-1EF4B0D5FEFE}.AppStore|x86.ActiveCfg = AppStore|iPhone
		{C97E7494-5E8A-45E7-A05C-1EF4B0D5FEFE}.Debug|Any CPU.ActiveCfg = Debug|iPhone
		{C97E7494-5E8A-45E7-A05C-1EF4B0D5FEFE}.Debug|ARM.ActiveCfg = Debug|iPhone
		{C97E7494-5E8A-45E7-A05C-1EF4B0D5FEFE}.Debug|ARM64.ActiveCfg = Debug|iPhoneSimulator
		{C97E7494-5E8A-45E7-A05C-1EF4B0D5FEFE}.Debug|iPhone.ActiveCfg = Debug|iPhone
		{C97E7494-5E8A-45E7-A05C-1EF4B0D5FEFE}.Debug|iPhone.Build.0 = Debug|iPhone
		{C97E7494-5E8A-45E7-A05C-1EF4B0D5FEFE}.Debug|iPhoneSimulator.ActiveCfg = Debug|iPhoneSimulator
		{C97E7494-5E8A-45E7-A05C-1EF4B0D5FEFE}.Debug|iPhoneSimulator.Build.0 = Debug|iPhoneSimulator
		{C97E7494-5E8A-45E7-A05C-1EF4B0D5FEFE}.Debug|x64.ActiveCfg = Debug|iPhone
		{C97E7494-5E8A-45E7-A05C-1EF4B0D5FEFE}.Debug|x86.ActiveCfg = Debug|iPhone
		{C97E7494-5E8A-45E7-A05C-1EF4B0D5FEFE}.Release|Any CPU.ActiveCfg = Release|iPhone
		{C97E7494-5E8A-45E7-A05C-1EF4B0D5FEFE}.Release|ARM.ActiveCfg = Release|iPhone
		{C97E7494-5E8A-45E7-A05C-1EF4B0D5FEFE}.Release|ARM64.ActiveCfg = Release|iPhoneSimulator
		{C97E7494-5E8A-45E7-A05C-1EF4B0D5FEFE}.Release|iPhone.ActiveCfg = Release|iPhone
		{C97E7494-5E8A-45E7-A05C-1EF4B0D5FEFE}.Release|iPhone.Build.0 = Release|iPhone
		{C97E7494-5E8A-45E7-A05C-1EF4B0D5FEFE}.Release|iPhoneSimulator.ActiveCfg = Release|iPhoneSimulator
		{C97E7494-5E8A-45E7-A05C-1EF4B0D5FEFE}.Release|iPhoneSimulator.Build.0 = Release|iPhoneSimulator
		{C97E7494-5E8A-45E7-A05C-1EF4B0D5FEFE}.Release|x64.ActiveCfg = Release|iPhone
		{C97E7494-5E8A-45E7-A05C-1EF4B0D5FEFE}.Release|x86.ActiveCfg = Release|iPhone
		{DFDB5079-DA00-4E33-8DF3-EE7269F374D6}.Ad-Hoc|Any CPU.ActiveCfg = Release|x64
		{DFDB5079-DA00-4E33-8DF3-EE7269F374D6}.Ad-Hoc|Any CPU.Build.0 = Release|x64
		{DFDB5079-DA00-4E33-8DF3-EE7269F374D6}.Ad-Hoc|Any CPU.Deploy.0 = Release|x64
		{DFDB5079-DA00-4E33-8DF3-EE7269F374D6}.Ad-Hoc|ARM.ActiveCfg = Release|ARM
		{DFDB5079-DA00-4E33-8DF3-EE7269F374D6}.Ad-Hoc|ARM.Build.0 = Release|ARM
		{DFDB5079-DA00-4E33-8DF3-EE7269F374D6}.Ad-Hoc|ARM.Deploy.0 = Release|ARM
		{DFDB5079-DA00-4E33-8DF3-EE7269F374D6}.Ad-Hoc|ARM64.ActiveCfg = Release|ARM64
		{DFDB5079-DA00-4E33-8DF3-EE7269F374D6}.Ad-Hoc|ARM64.Build.0 = Release|ARM64
		{DFDB5079-DA00-4E33-8DF3-EE7269F374D6}.Ad-Hoc|ARM64.Deploy.0 = Release|ARM64
		{DFDB5079-DA00-4E33-8DF3-EE7269F374D6}.Ad-Hoc|iPhone.ActiveCfg = Release|x64
		{DFDB5079-DA00-4E33-8DF3-EE7269F374D6}.Ad-Hoc|iPhone.Build.0 = Release|x64
		{DFDB5079-DA00-4E33-8DF3-EE7269F374D6}.Ad-Hoc|iPhone.Deploy.0 = Release|x64
		{DFDB5079-DA00-4E33-8DF3-EE7269F374D6}.Ad-Hoc|iPhoneSimulator.ActiveCfg = Release|x64
		{DFDB5079-DA00-4E33-8DF3-EE7269F374D6}.Ad-Hoc|iPhoneSimulator.Build.0 = Release|x64
		{DFDB5079-DA00-4E33-8DF3-EE7269F374D6}.Ad-Hoc|iPhoneSimulator.Deploy.0 = Release|x64
		{DFDB5079-DA00-4E33-8DF3-EE7269F374D6}.Ad-Hoc|x64.ActiveCfg = Release|x64
		{DFDB5079-DA00-4E33-8DF3-EE7269F374D6}.Ad-Hoc|x64.Build.0 = Release|x64
		{DFDB5079-DA00-4E33-8DF3-EE7269F374D6}.Ad-Hoc|x64.Deploy.0 = Release|x64
		{DFDB5079-DA00-4E33-8DF3-EE7269F374D6}.Ad-Hoc|x86.ActiveCfg = Release|x86
		{DFDB5079-DA00-4E33-8DF3-EE7269F374D6}.Ad-Hoc|x86.Build.0 = Release|x86
		{DFDB5079-DA00-4E33-8DF3-EE7269F374D6}.Ad-Hoc|x86.Deploy.0 = Release|x86
		{DFDB5079-DA00-4E33-8DF3-EE7269F374D6}.AppStore|Any CPU.ActiveCfg = Release|x64
		{DFDB5079-DA00-4E33-8DF3-EE7269F374D6}.AppStore|Any CPU.Build.0 = Release|x64
		{DFDB5079-DA00-4E33-8DF3-EE7269F374D6}.AppStore|Any CPU.Deploy.0 = Release|x64
		{DFDB5079-DA00-4E33-8DF3-EE7269F374D6}.AppStore|ARM.ActiveCfg = Release|ARM
		{DFDB5079-DA00-4E33-8DF3-EE7269F374D6}.AppStore|ARM.Build.0 = Release|ARM
		{DFDB5079-DA00-4E33-8DF3-EE7269F374D6}.AppStore|ARM.Deploy.0 = Release|ARM
		{DFDB5079-DA00-4E33-8DF3-EE7269F374D6}.AppStore|ARM64.ActiveCfg = Release|ARM64
		{DFDB5079-DA00-4E33-8DF3-EE7269F374D6}.AppStore|ARM64.Build.0 = Release|ARM64
		{DFDB5079-DA00-4E33-8DF3-EE7269F374D6}.AppStore|ARM64.Deploy.0 = Release|ARM64
		{DFDB5079-DA00-4E33-8DF3-EE7269F374D6}.AppStore|iPhone.ActiveCfg = Release|x64
		{DFDB5079-DA00-4E33-8DF3-EE7269F374D6}.AppStore|iPhone.Build.0 = Release|x64
		{DFDB5079-DA00-4E33-8DF3-EE7269F374D6}.AppStore|iPhone.Deploy.0 = Release|x64
		{DFDB5079-DA00-4E33-8DF3-EE7269F374D6}.AppStore|iPhoneSimulator.ActiveCfg = Release|x64
		{DFDB5079-DA00-4E33-8DF3-EE7269F374D6}.AppStore|iPhoneSimulator.Build.0 = Release|x64
		{DFDB5079-DA00-4E33-8DF3-EE7269F374D6}.AppStore|iPhoneSimulator.Deploy.0 = Release|x64
		{DFDB5079-DA00-4E33-8DF3-EE7269F374D6}.AppStore|x64.ActiveCfg = Release|x64
		{DFDB5079-DA00-4E33-8DF3-EE7269F374D6}.AppStore|x64.Build.0 = Release|x64
		{DFDB5079-DA00-4E33-8DF3-EE7269F374D6}.AppStore|x64.Deploy.0 = Release|x64
		{DFDB5079-DA00-4E33-8DF3-EE7269F374D6}.AppStore|x86.ActiveCfg = Release|x86
		{DFDB5079-DA00-4E33-8DF3-EE7269F374D6}.AppStore|x86.Build.0 = Release|x86
		{DFDB5079-DA00-4E33-8DF3-EE7269F374D6}.AppStore|x86.Deploy.0 = Release|x86
		{DFDB5079-DA00-4E33-8DF3-EE7269F374D6}.Debug|Any CPU.ActiveCfg = Debug|x86
		{DFDB5079-DA00-4E33-8DF3-EE7269F374D6}.Debug|ARM.ActiveCfg = Debug|ARM
		{DFDB5079-DA00-4E33-8DF3-EE7269F374D6}.Debug|ARM.Build.0 = Debug|ARM
		{DFDB5079-DA00-4E33-8DF3-EE7269F374D6}.Debug|ARM.Deploy.0 = Debug|ARM
		{DFDB5079-DA00-4E33-8DF3-EE7269F374D6}.Debug|ARM64.ActiveCfg = Debug|ARM64
		{DFDB5079-DA00-4E33-8DF3-EE7269F374D6}.Debug|ARM64.Build.0 = Debug|ARM64
		{DFDB5079-DA00-4E33-8DF3-EE7269F374D6}.Debug|ARM64.Deploy.0 = Debug|ARM64
		{DFDB5079-DA00-4E33-8DF3-EE7269F374D6}.Debug|iPhone.ActiveCfg = Debug|x86
		{DFDB5079-DA00-4E33-8DF3-EE7269F374D6}.Debug|iPhoneSimulator.ActiveCfg = Debug|x86
		{DFDB5079-DA00-4E33-8DF3-EE7269F374D6}.Debug|x64.ActiveCfg = Debug|x64
		{DFDB5079-DA00-4E33-8DF3-EE7269F374D6}.Debug|x64.Build.0 = Debug|x64
		{DFDB5079-DA00-4E33-8DF3-EE7269F374D6}.Debug|x64.Deploy.0 = Debug|x64
		{DFDB5079-DA00-4E33-8DF3-EE7269F374D6}.Debug|x86.ActiveCfg = Debug|x86
		{DFDB5079-DA00-4E33-8DF3-EE7269F374D6}.Debug|x86.Build.0 = Debug|x86
		{DFDB5079-DA00-4E33-8DF3-EE7269F374D6}.Debug|x86.Deploy.0 = Debug|x86
		{DFDB5079-DA00-4E33-8DF3-EE7269F374D6}.Release|Any CPU.ActiveCfg = Release|x86
		{DFDB5079-DA00-4E33-8DF3-EE7269F374D6}.Release|ARM.ActiveCfg = Release|ARM
		{DFDB5079-DA00-4E33-8DF3-EE7269F374D6}.Release|ARM.Build.0 = Release|ARM
		{DFDB5079-DA00-4E33-8DF3-EE7269F374D6}.Release|ARM.Deploy.0 = Release|ARM
		{DFDB5079-DA00-4E33-8DF3-EE7269F374D6}.Release|ARM64.ActiveCfg = Release|ARM64
		{DFDB5079-DA00-4E33-8DF3-EE7269F374D6}.Release|ARM64.Build.0 = Release|ARM64
		{DFDB5079-DA00-4E33-8DF3-EE7269F374D6}.Release|ARM64.Deploy.0 = Release|ARM64
		{DFDB5079-DA00-4E33-8DF3-EE7269F374D6}.Release|iPhone.ActiveCfg = Release|x86
		{DFDB5079-DA00-4E33-8DF3-EE7269F374D6}.Release|iPhoneSimulator.ActiveCfg = Release|x86
		{DFDB5079-DA00-4E33-8DF3-EE7269F374D6}.Release|x64.ActiveCfg = Release|x64
		{DFDB5079-DA00-4E33-8DF3-EE7269F374D6}.Release|x64.Build.0 = Release|x64
		{DFDB5079-DA00-4E33-8DF3-EE7269F374D6}.Release|x64.Deploy.0 = Release|x64
		{DFDB5079-DA00-4E33-8DF3-EE7269F374D6}.Release|x86.ActiveCfg = Release|x86
		{DFDB5079-DA00-4E33-8DF3-EE7269F374D6}.Release|x86.Build.0 = Release|x86
		{DFDB5079-DA00-4E33-8DF3-EE7269F374D6}.Release|x86.Deploy.0 = Release|x86
		{38B5CA87-DDDF-4EE6-953C-FEC27E7B7036}.Ad-Hoc|Any CPU.ActiveCfg = Debug|Any CPU
		{38B5CA87-DDDF-4EE6-953C-FEC27E7B7036}.Ad-Hoc|Any CPU.Build.0 = Debug|Any CPU
		{38B5CA87-DDDF-4EE6-953C-FEC27E7B7036}.Ad-Hoc|ARM.ActiveCfg = Debug|Any CPU
		{38B5CA87-DDDF-4EE6-953C-FEC27E7B7036}.Ad-Hoc|ARM.Build.0 = Debug|Any CPU
		{38B5CA87-DDDF-4EE6-953C-FEC27E7B7036}.Ad-Hoc|ARM64.ActiveCfg = Release|Any CPU
		{38B5CA87-DDDF-4EE6-953C-FEC27E7B7036}.Ad-Hoc|ARM64.Build.0 = Release|Any CPU
		{38B5CA87-DDDF-4EE6-953C-FEC27E7B7036}.Ad-Hoc|iPhone.ActiveCfg = Debug|Any CPU
		{38B5CA87-DDDF-4EE6-953C-FEC27E7B7036}.Ad-Hoc|iPhone.Build.0 = Debug|Any CPU
		{38B5CA87-DDDF-4EE6-953C-FEC27E7B7036}.Ad-Hoc|iPhoneSimulator.ActiveCfg = Debug|Any CPU
		{38B5CA87-DDDF-4EE6-953C-FEC27E7B7036}.Ad-Hoc|iPhoneSimulator.Build.0 = Debug|Any CPU
		{38B5CA87-DDDF-4EE6-953C-FEC27E7B7036}.Ad-Hoc|x64.ActiveCfg = Debug|Any CPU
		{38B5CA87-DDDF-4EE6-953C-FEC27E7B7036}.Ad-Hoc|x64.Build.0 = Debug|Any CPU
		{38B5CA87-DDDF-4EE6-953C-FEC27E7B7036}.Ad-Hoc|x86.ActiveCfg = Debug|Any CPU
		{38B5CA87-DDDF-4EE6-953C-FEC27E7B7036}.Ad-Hoc|x86.Build.0 = Debug|Any CPU
		{38B5CA87-DDDF-4EE6-953C-FEC27E7B7036}.AppStore|Any CPU.ActiveCfg = Debug|Any CPU
		{38B5CA87-DDDF-4EE6-953C-FEC27E7B7036}.AppStore|Any CPU.Build.0 = Debug|Any CPU
		{38B5CA87-DDDF-4EE6-953C-FEC27E7B7036}.AppStore|ARM.ActiveCfg = Debug|Any CPU
		{38B5CA87-DDDF-4EE6-953C-FEC27E7B7036}.AppStore|ARM.Build.0 = Debug|Any CPU
		{38B5CA87-DDDF-4EE6-953C-FEC27E7B7036}.AppStore|ARM64.ActiveCfg = Release|Any CPU
		{38B5CA87-DDDF-4EE6-953C-FEC27E7B7036}.AppStore|ARM64.Build.0 = Release|Any CPU
		{38B5CA87-DDDF-4EE6-953C-FEC27E7B7036}.AppStore|iPhone.ActiveCfg = Debug|Any CPU
		{38B5CA87-DDDF-4EE6-953C-FEC27E7B7036}.AppStore|iPhone.Build.0 = Debug|Any CPU
		{38B5CA87-DDDF-4EE6-953C-FEC27E7B7036}.AppStore|iPhoneSimulator.ActiveCfg = Debug|Any CPU
		{38B5CA87-DDDF-4EE6-953C-FEC27E7B7036}.AppStore|iPhoneSimulator.Build.0 = Debug|Any CPU
		{38B5CA87-DDDF-4EE6-953C-FEC27E7B7036}.AppStore|x64.ActiveCfg = Debug|Any CPU
		{38B5CA87-DDDF-4EE6-953C-FEC27E7B7036}.AppStore|x64.Build.0 = Debug|Any CPU
		{38B5CA87-DDDF-4EE6-953C-FEC27E7B7036}.AppStore|x86.ActiveCfg = Debug|Any CPU
		{38B5CA87-DDDF-4EE6-953C-FEC27E7B7036}.AppStore|x86.Build.0 = Debug|Any CPU
		{38B5CA87-DDDF-4EE6-953C-FEC27E7B7036}.Debug|Any CPU.ActiveCfg = Debug|Any CPU
		{38B5CA87-DDDF-4EE6-953C-FEC27E7B7036}.Debug|Any CPU.Build.0 = Debug|Any CPU
		{38B5CA87-DDDF-4EE6-953C-FEC27E7B7036}.Debug|ARM.ActiveCfg = Debug|Any CPU
		{38B5CA87-DDDF-4EE6-953C-FEC27E7B7036}.Debug|ARM.Build.0 = Debug|Any CPU
		{38B5CA87-DDDF-4EE6-953C-FEC27E7B7036}.Debug|ARM64.ActiveCfg = Debug|Any CPU
		{38B5CA87-DDDF-4EE6-953C-FEC27E7B7036}.Debug|ARM64.Build.0 = Debug|Any CPU
		{38B5CA87-DDDF-4EE6-953C-FEC27E7B7036}.Debug|iPhone.ActiveCfg = Debug|Any CPU
		{38B5CA87-DDDF-4EE6-953C-FEC27E7B7036}.Debug|iPhone.Build.0 = Debug|Any CPU
		{38B5CA87-DDDF-4EE6-953C-FEC27E7B7036}.Debug|iPhoneSimulator.ActiveCfg = Debug|Any CPU
		{38B5CA87-DDDF-4EE6-953C-FEC27E7B7036}.Debug|iPhoneSimulator.Build.0 = Debug|Any CPU
		{38B5CA87-DDDF-4EE6-953C-FEC27E7B7036}.Debug|x64.ActiveCfg = Debug|Any CPU
		{38B5CA87-DDDF-4EE6-953C-FEC27E7B7036}.Debug|x64.Build.0 = Debug|Any CPU
		{38B5CA87-DDDF-4EE6-953C-FEC27E7B7036}.Debug|x86.ActiveCfg = Debug|Any CPU
		{38B5CA87-DDDF-4EE6-953C-FEC27E7B7036}.Debug|x86.Build.0 = Debug|Any CPU
		{38B5CA87-DDDF-4EE6-953C-FEC27E7B7036}.Release|Any CPU.ActiveCfg = Release|Any CPU
		{38B5CA87-DDDF-4EE6-953C-FEC27E7B7036}.Release|Any CPU.Build.0 = Release|Any CPU
		{38B5CA87-DDDF-4EE6-953C-FEC27E7B7036}.Release|ARM.ActiveCfg = Release|Any CPU
		{38B5CA87-DDDF-4EE6-953C-FEC27E7B7036}.Release|ARM.Build.0 = Release|Any CPU
		{38B5CA87-DDDF-4EE6-953C-FEC27E7B7036}.Release|ARM64.ActiveCfg = Release|Any CPU
		{38B5CA87-DDDF-4EE6-953C-FEC27E7B7036}.Release|ARM64.Build.0 = Release|Any CPU
		{38B5CA87-DDDF-4EE6-953C-FEC27E7B7036}.Release|iPhone.ActiveCfg = Release|Any CPU
		{38B5CA87-DDDF-4EE6-953C-FEC27E7B7036}.Release|iPhone.Build.0 = Release|Any CPU
		{38B5CA87-DDDF-4EE6-953C-FEC27E7B7036}.Release|iPhoneSimulator.ActiveCfg = Release|Any CPU
		{38B5CA87-DDDF-4EE6-953C-FEC27E7B7036}.Release|iPhoneSimulator.Build.0 = Release|Any CPU
		{38B5CA87-DDDF-4EE6-953C-FEC27E7B7036}.Release|x64.ActiveCfg = Release|Any CPU
		{38B5CA87-DDDF-4EE6-953C-FEC27E7B7036}.Release|x64.Build.0 = Release|Any CPU
		{38B5CA87-DDDF-4EE6-953C-FEC27E7B7036}.Release|x86.ActiveCfg = Release|Any CPU
		{38B5CA87-DDDF-4EE6-953C-FEC27E7B7036}.Release|x86.Build.0 = Release|Any CPU
		{B5C72537-0AD9-49ED-9342-7A711BD19607}.Ad-Hoc|Any CPU.ActiveCfg = Debug|Any CPU
		{B5C72537-0AD9-49ED-9342-7A711BD19607}.Ad-Hoc|Any CPU.Build.0 = Debug|Any CPU
		{B5C72537-0AD9-49ED-9342-7A711BD19607}.Ad-Hoc|ARM.ActiveCfg = Debug|Any CPU
		{B5C72537-0AD9-49ED-9342-7A711BD19607}.Ad-Hoc|ARM.Build.0 = Debug|Any CPU
		{B5C72537-0AD9-49ED-9342-7A711BD19607}.Ad-Hoc|ARM64.ActiveCfg = Debug|Any CPU
		{B5C72537-0AD9-49ED-9342-7A711BD19607}.Ad-Hoc|ARM64.Build.0 = Debug|Any CPU
		{B5C72537-0AD9-49ED-9342-7A711BD19607}.Ad-Hoc|iPhone.ActiveCfg = Debug|Any CPU
		{B5C72537-0AD9-49ED-9342-7A711BD19607}.Ad-Hoc|iPhone.Build.0 = Debug|Any CPU
		{B5C72537-0AD9-49ED-9342-7A711BD19607}.Ad-Hoc|iPhoneSimulator.ActiveCfg = Debug|Any CPU
		{B5C72537-0AD9-49ED-9342-7A711BD19607}.Ad-Hoc|iPhoneSimulator.Build.0 = Debug|Any CPU
		{B5C72537-0AD9-49ED-9342-7A711BD19607}.Ad-Hoc|x64.ActiveCfg = Debug|Any CPU
		{B5C72537-0AD9-49ED-9342-7A711BD19607}.Ad-Hoc|x64.Build.0 = Debug|Any CPU
		{B5C72537-0AD9-49ED-9342-7A711BD19607}.Ad-Hoc|x86.ActiveCfg = Debug|Any CPU
		{B5C72537-0AD9-49ED-9342-7A711BD19607}.Ad-Hoc|x86.Build.0 = Debug|Any CPU
		{B5C72537-0AD9-49ED-9342-7A711BD19607}.AppStore|Any CPU.ActiveCfg = Debug|Any CPU
		{B5C72537-0AD9-49ED-9342-7A711BD19607}.AppStore|Any CPU.Build.0 = Debug|Any CPU
		{B5C72537-0AD9-49ED-9342-7A711BD19607}.AppStore|ARM.ActiveCfg = Debug|Any CPU
		{B5C72537-0AD9-49ED-9342-7A711BD19607}.AppStore|ARM.Build.0 = Debug|Any CPU
		{B5C72537-0AD9-49ED-9342-7A711BD19607}.AppStore|ARM64.ActiveCfg = Debug|Any CPU
		{B5C72537-0AD9-49ED-9342-7A711BD19607}.AppStore|ARM64.Build.0 = Debug|Any CPU
		{B5C72537-0AD9-49ED-9342-7A711BD19607}.AppStore|iPhone.ActiveCfg = Debug|Any CPU
		{B5C72537-0AD9-49ED-9342-7A711BD19607}.AppStore|iPhone.Build.0 = Debug|Any CPU
		{B5C72537-0AD9-49ED-9342-7A711BD19607}.AppStore|iPhoneSimulator.ActiveCfg = Debug|Any CPU
		{B5C72537-0AD9-49ED-9342-7A711BD19607}.AppStore|iPhoneSimulator.Build.0 = Debug|Any CPU
		{B5C72537-0AD9-49ED-9342-7A711BD19607}.AppStore|x64.ActiveCfg = Debug|Any CPU
		{B5C72537-0AD9-49ED-9342-7A711BD19607}.AppStore|x64.Build.0 = Debug|Any CPU
		{B5C72537-0AD9-49ED-9342-7A711BD19607}.AppStore|x86.ActiveCfg = Debug|Any CPU
		{B5C72537-0AD9-49ED-9342-7A711BD19607}.AppStore|x86.Build.0 = Debug|Any CPU
		{B5C72537-0AD9-49ED-9342-7A711BD19607}.Debug|Any CPU.ActiveCfg = Debug|Any CPU
		{B5C72537-0AD9-49ED-9342-7A711BD19607}.Debug|Any CPU.Build.0 = Debug|Any CPU
		{B5C72537-0AD9-49ED-9342-7A711BD19607}.Debug|ARM.ActiveCfg = Debug|Any CPU
		{B5C72537-0AD9-49ED-9342-7A711BD19607}.Debug|ARM.Build.0 = Debug|Any CPU
		{B5C72537-0AD9-49ED-9342-7A711BD19607}.Debug|ARM64.ActiveCfg = Debug|Any CPU
		{B5C72537-0AD9-49ED-9342-7A711BD19607}.Debug|ARM64.Build.0 = Debug|Any CPU
		{B5C72537-0AD9-49ED-9342-7A711BD19607}.Debug|iPhone.ActiveCfg = Debug|Any CPU
		{B5C72537-0AD9-49ED-9342-7A711BD19607}.Debug|iPhone.Build.0 = Debug|Any CPU
		{B5C72537-0AD9-49ED-9342-7A711BD19607}.Debug|iPhoneSimulator.ActiveCfg = Debug|Any CPU
		{B5C72537-0AD9-49ED-9342-7A711BD19607}.Debug|iPhoneSimulator.Build.0 = Debug|Any CPU
		{B5C72537-0AD9-49ED-9342-7A711BD19607}.Debug|x64.ActiveCfg = Debug|Any CPU
		{B5C72537-0AD9-49ED-9342-7A711BD19607}.Debug|x64.Build.0 = Debug|Any CPU
		{B5C72537-0AD9-49ED-9342-7A711BD19607}.Debug|x86.ActiveCfg = Debug|Any CPU
		{B5C72537-0AD9-49ED-9342-7A711BD19607}.Debug|x86.Build.0 = Debug|Any CPU
		{B5C72537-0AD9-49ED-9342-7A711BD19607}.Release|Any CPU.ActiveCfg = Release|Any CPU
		{B5C72537-0AD9-49ED-9342-7A711BD19607}.Release|Any CPU.Build.0 = Release|Any CPU
		{B5C72537-0AD9-49ED-9342-7A711BD19607}.Release|ARM.ActiveCfg = Release|Any CPU
		{B5C72537-0AD9-49ED-9342-7A711BD19607}.Release|ARM.Build.0 = Release|Any CPU
		{B5C72537-0AD9-49ED-9342-7A711BD19607}.Release|ARM64.ActiveCfg = Release|Any CPU
		{B5C72537-0AD9-49ED-9342-7A711BD19607}.Release|ARM64.Build.0 = Release|Any CPU
		{B5C72537-0AD9-49ED-9342-7A711BD19607}.Release|iPhone.ActiveCfg = Release|Any CPU
		{B5C72537-0AD9-49ED-9342-7A711BD19607}.Release|iPhone.Build.0 = Release|Any CPU
		{B5C72537-0AD9-49ED-9342-7A711BD19607}.Release|iPhoneSimulator.ActiveCfg = Release|Any CPU
		{B5C72537-0AD9-49ED-9342-7A711BD19607}.Release|iPhoneSimulator.Build.0 = Release|Any CPU
		{B5C72537-0AD9-49ED-9342-7A711BD19607}.Release|x64.ActiveCfg = Release|Any CPU
		{B5C72537-0AD9-49ED-9342-7A711BD19607}.Release|x64.Build.0 = Release|Any CPU
		{B5C72537-0AD9-49ED-9342-7A711BD19607}.Release|x86.ActiveCfg = Release|Any CPU
		{B5C72537-0AD9-49ED-9342-7A711BD19607}.Release|x86.Build.0 = Release|Any CPU
	EndGlobalSection
	GlobalSection(SolutionProperties) = preSolution
		HideSolutionNode = FALSE
	EndGlobalSection
	GlobalSection(ExtensibilityGlobals) = postSolution
		SolutionGuid = {62D415FE-1428-4057-AAAD-C44B64E73904}
	EndGlobalSection
EndGlobal
